
Microsoft Visual Studio Solution File, Format Version 12.00
# Visual Studio Version 17
VisualStudioVersion = 17.6.33723.286
MinimumVisualStudioVersion = 10.0.40219.1
Project("{FAE04EC0-301F-11D3-BF4B-00C04F79EFBC}") = "ResourceLifetime", ".\src\ResourceLifetime.csproj", "{93A6A1D6-6C45-4ACB-A976-4A84314AC76D}"
EndProject
Project("{FAE04EC0-301F-11D3-BF4B-00C04F79EFBC}") = "ResourceLifetime.UnitTests", ".\tests\ResourceLifetime.UnitTests.csproj", "{E7B1DB8B-213B-4225-9D9B-596C9C6A8D1C}"
EndProject
Global
	GlobalSection(SolutionConfigurationPlatforms) = preSolution
		Debug|Any CPU = Debug|Any CPU
		Release|Any CPU = Release|Any CPU
	EndGlobalSection
	GlobalSection(ProjectConfigurationPlatforms) = postSolution
		{93A6A1D6-6C45-4ACB-A976-4A84314AC76D}.Debug|Any CPU.ActiveCfg = Debug|Any CPU
		{93A6A1D6-6C45-4ACB-A976-4A84314AC76D}.Debug|Any CPU.Build.0 = Debug|Any CPU
		{93A6A1D6-6C45-4ACB-A976-4A84314AC76D}.Release|Any CPU.ActiveCfg = Release|Any CPU
		{93A6A1D6-6C45-4ACB-A976-4A84314AC76D}.Release|Any CPU.Build.0 = Release|Any CPU
		{E7B1DB8B-213B-4225-9D9B-596C9C6A8D1C}.Debug|Any CPU.ActiveCfg = Debug|Any CPU
		{E7B1DB8B-213B-4225-9D9B-596C9C6A8D1C}.Debug|Any CPU.Build.0 = Debug|Any CPU
		{E7B1DB8B-213B-4225-9D9B-596C9C6A8D1C}.Release|Any CPU.ActiveCfg = Release|Any CPU
		{E7B1DB8B-213B-4225-9D9B-596C9C6A8D1C}.Release|Any CPU.Build.0 = Release|Any CPU
	EndGlobalSection
	GlobalSection(SolutionProperties) = preSolution
		HideSolutionNode = FALSE
	EndGlobalSection
	GlobalSection(ExtensibilityGlobals) = postSolution
		SolutionGuid = {369051FB-4725-49F0-9C45-D8F09C161679}
	EndGlobalSection
EndGlobal
